{
  "requires": true,
  "lockfileVersion": 1,
  "dependencies": {
    "@types/common-tags": {
      "version": "1.8.2",
      "resolved": "https://registry.npmjs.org/@types/common-tags/-/common-tags-1.8.2.tgz",
      "integrity": "sha512-Z5UcOnlqxFm0tCCTEhkcVOfSihWOMyKypIWHtQNSYh6fMdPUIVpNdLBYutDpDXVHsMUrYzI2IczUHXIzpUovmQ==",
      "dev": true
    },
    "@types/figlet": {
      "version": "1.5.6",
      "resolved": "https://registry.npmjs.org/@types/figlet/-/figlet-1.5.6.tgz",
      "integrity": "sha512-AOdn9cKJGXpqfHeif16xeGMwWefB4nsOyxkdRMpc+PEP3nUxzu3psJfIqhjrCNW4Sejt5i6rISWmEwK0sw03mA==",
      "dev": true
    },
    "@types/node": {
      "version": "20.6.0",
      "resolved": "https://registry.npmjs.org/@types/node/-/node-20.6.0.tgz",
      "integrity": "sha512-najjVq5KN2vsH2U/xyh2opaSEz6cZMR2SetLIlxlj08nOcmPOemJmUK2o4kUzfLqfrWE0PIrNeE16XhYDd3nqg==",
      "dev": true
    },
    "types-registry": {
      "version": "0.1.684",
      "resolved": "https://registry.npmjs.org/types-registry/-/types-registry-0.1.684.tgz",
      "integrity": "sha512-B6v+g9M+7IJSc1w2THOmTuRKvd/ACxZTGXM18E8MzpHWx1mGUvGGT+RXsSnxNpyqtbjWLeXj8uyyu/MxVOS3xw=="
    }
  }
}
